// !$*UTF8*$!
{
	archiveVersion = 1;
	classes = {
	};
	objectVersion = 50;
	objects = {

/* Begin PBXBuildFile section */
		09A7212D21BF7C2B007203E5 /* AppDelegate.swift in Sources */ = {isa = PBXBuildFile; fileRef = 09A7212C21BF7C2B007203E5 /* AppDelegate.swift */; };
		09A7212F21BF7C2B007203E5 /* WeatherViewController.swift in Sources */ = {isa = PBXBuildFile; fileRef = 09A7212E21BF7C2B007203E5 /* WeatherViewController.swift */; };
		09A7213221BF7C2B007203E5 /* Main.storyboard in Resources */ = {isa = PBXBuildFile; fileRef = 09A7213021BF7C2B007203E5 /* Main.storyboard */; };
		09A7213421BF7C2D007203E5 /* Assets.xcassets in Resources */ = {isa = PBXBuildFile; fileRef = 09A7213321BF7C2D007203E5 /* Assets.xcassets */; };
		09A7213721BF7C2D007203E5 /* LaunchScreen.storyboard in Resources */ = {isa = PBXBuildFile; fileRef = 09A7213521BF7C2D007203E5 /* LaunchScreen.storyboard */; };
		09A7214221BF7C2D007203E5 /* DarkSkyTests.swift in Sources */ = {isa = PBXBuildFile; fileRef = 09A7214121BF7C2D007203E5 /* DarkSkyTests.swift */; };
		09A7214D21BF7C2D007203E5 /* DarkSkyUITests.swift in Sources */ = {isa = PBXBuildFile; fileRef = 09A7214C21BF7C2D007203E5 /* DarkSkyUITests.swift */; };
		09A7215C21BF7FAD007203E5 /* DarkSkyService.swift in Sources */ = {isa = PBXBuildFile; fileRef = 09A7215B21BF7FAD007203E5 /* DarkSkyService.swift */; };
		09A7215E21BF85FA007203E5 /* Result.swift in Sources */ = {isa = PBXBuildFile; fileRef = 09A7215D21BF85FA007203E5 /* Result.swift */; };
		09A7216021BF8A5C007203E5 /* DarkSkyForecast.swift in Sources */ = {isa = PBXBuildFile; fileRef = 09A7215F21BF8A5C007203E5 /* DarkSkyForecast.swift */; };
/* End PBXBuildFile section */

/* Begin PBXContainerItemProxy section */
		09A7213E21BF7C2D007203E5 /* PBXContainerItemProxy */ = {
			isa = PBXContainerItemProxy;
			containerPortal = 09A7212121BF7C2B007203E5 /* Project object */;
			proxyType = 1;
			remoteGlobalIDString = 09A7212821BF7C2B007203E5;
			remoteInfo = DarkSky;
		};
		09A7214921BF7C2D007203E5 /* PBXContainerItemProxy */ = {
			isa = PBXContainerItemProxy;
			containerPortal = 09A7212121BF7C2B007203E5 /* Project object */;
			proxyType = 1;
			remoteGlobalIDString = 09A7212821BF7C2B007203E5;
			remoteInfo = DarkSky;
		};
/* End PBXContainerItemProxy section */

/* Begin PBXFileReference section */
		09A7212921BF7C2B007203E5 /* DarkSky.app */ = {isa = PBXFileReference; explicitFileType = wrapper.application; includeInIndex = 0; path = DarkSky.app; sourceTree = BUILT_PRODUCTS_DIR; };
		09A7212C21BF7C2B007203E5 /* AppDelegate.swift */ = {isa = PBXFileReference; lastKnownFileType = sourcecode.swift; path = AppDelegate.swift; sourceTree = "<group>"; };
		09A7212E21BF7C2B007203E5 /* WeatherViewController.swift */ = {isa = PBXFileReference; lastKnownFileType = sourcecode.swift; path = WeatherViewController.swift; sourceTree = "<group>"; };
		09A7213121BF7C2B007203E5 /* Base */ = {isa = PBXFileReference; lastKnownFileType = file.storyboard; name = Base; path = Base.lproj/Main.storyboard; sourceTree = "<group>"; };
		09A7213321BF7C2D007203E5 /* Assets.xcassets */ = {isa = PBXFileReference; lastKnownFileType = folder.assetcatalog; path = Assets.xcassets; sourceTree = "<group>"; };
		09A7213621BF7C2D007203E5 /* Base */ = {isa = PBXFileReference; lastKnownFileType = file.storyboard; name = Base; path = Base.lproj/LaunchScreen.storyboard; sourceTree = "<group>"; };
		09A7213821BF7C2D007203E5 /* Info.plist */ = {isa = PBXFileReference; lastKnownFileType = text.plist.xml; path = Info.plist; sourceTree = "<group>"; };
		09A7213D21BF7C2D007203E5 /* DarkSkyTests.xctest */ = {isa = PBXFileReference; explicitFileType = wrapper.cfbundle; includeInIndex = 0; path = DarkSkyTests.xctest; sourceTree = BUILT_PRODUCTS_DIR; };
		09A7214121BF7C2D007203E5 /* DarkSkyTests.swift */ = {isa = PBXFileReference; lastKnownFileType = sourcecode.swift; path = DarkSkyTests.swift; sourceTree = "<group>"; };
		09A7214321BF7C2D007203E5 /* Info.plist */ = {isa = PBXFileReference; lastKnownFileType = text.plist.xml; path = Info.plist; sourceTree = "<group>"; };
		09A7214821BF7C2D007203E5 /* DarkSkyUITests.xctest */ = {isa = PBXFileReference; explicitFileType = wrapper.cfbundle; includeInIndex = 0; path = DarkSkyUITests.xctest; sourceTree = BUILT_PRODUCTS_DIR; };
		09A7214C21BF7C2D007203E5 /* DarkSkyUITests.swift */ = {isa = PBXFileReference; lastKnownFileType = sourcecode.swift; path = DarkSkyUITests.swift; sourceTree = "<group>"; };
		09A7214E21BF7C2D007203E5 /* Info.plist */ = {isa = PBXFileReference; lastKnownFileType = text.plist.xml; path = Info.plist; sourceTree = "<group>"; };
		09A7215B21BF7FAD007203E5 /* DarkSkyService.swift */ = {isa = PBXFileReference; lastKnownFileType = sourcecode.swift; path = DarkSkyService.swift; sourceTree = "<group>"; };
		09A7215D21BF85FA007203E5 /* Result.swift */ = {isa = PBXFileReference; lastKnownFileType = sourcecode.swift; path = Result.swift; sourceTree = "<group>"; };
		09A7215F21BF8A5C007203E5 /* DarkSkyForecast.swift */ = {isa = PBXFileReference; lastKnownFileType = sourcecode.swift; path = DarkSkyForecast.swift; sourceTree = "<group>"; };
/* End PBXFileReference section */

/* Begin PBXFrameworksBuildPhase section */
		09A7212621BF7C2B007203E5 /* Frameworks */ = {
			isa = PBXFrameworksBuildPhase;
			buildActionMask = 2147483647;
			files = (
			);
			runOnlyForDeploymentPostprocessing = 0;
		};
		09A7213A21BF7C2D007203E5 /* Frameworks */ = {
			isa = PBXFrameworksBuildPhase;
			buildActionMask = 2147483647;
			files = (
			);
			runOnlyForDeploymentPostprocessing = 0;
		};
		09A7214521BF7C2D007203E5 /* Frameworks */ = {
			isa = PBXFrameworksBuildPhase;
			buildActionMask = 2147483647;
			files = (
			);
			runOnlyForDeploymentPostprocessing = 0;
		};
/* End PBXFrameworksBuildPhase section */

/* Begin PBXGroup section */
		09A7212021BF7C2B007203E5 = {
			isa = PBXGroup;
			children = (
				09A7212B21BF7C2B007203E5 /* DarkSky */,
				09A7214021BF7C2D007203E5 /* DarkSkyTests */,
				09A7214B21BF7C2D007203E5 /* DarkSkyUITests */,
				09A7212A21BF7C2B007203E5 /* Products */,
			);
			sourceTree = "<group>";
		};
		09A7212A21BF7C2B007203E5 /* Products */ = {
			isa = PBXGroup;
			children = (
				09A7212921BF7C2B007203E5 /* DarkSky.app */,
				09A7213D21BF7C2D007203E5 /* DarkSkyTests.xctest */,
				09A7214821BF7C2D007203E5 /* DarkSkyUITests.xctest */,
			);
			name = Products;
			sourceTree = "<group>";
		};
		09A7212B21BF7C2B007203E5 /* DarkSky */ = {
			isa = PBXGroup;
			children = (
				09A7212E21BF7C2B007203E5 /* WeatherViewController.swift */,
				09A7215B21BF7FAD007203E5 /* DarkSkyService.swift */,
				09A7215F21BF8A5C007203E5 /* DarkSkyForecast.swift */,
				09A7215D21BF85FA007203E5 /* Result.swift */,
				09A7213021BF7C2B007203E5 /* Main.storyboard */,
				09A7215A21BF7C38007203E5 /* Resources */,
			);
			path = DarkSky;
			sourceTree = "<group>";
		};
		09A7214021BF7C2D007203E5 /* DarkSkyTests */ = {
			isa = PBXGroup;
			children = (
				09A7214121BF7C2D007203E5 /* DarkSkyTests.swift */,
				09A7214321BF7C2D007203E5 /* Info.plist */,
			);
			path = DarkSkyTests;
			sourceTree = "<group>";
		};
		09A7214B21BF7C2D007203E5 /* DarkSkyUITests */ = {
			isa = PBXGroup;
			children = (
				09A7214C21BF7C2D007203E5 /* DarkSkyUITests.swift */,
				09A7214E21BF7C2D007203E5 /* Info.plist */,
			);
			path = DarkSkyUITests;
			sourceTree = "<group>";
		};
		09A7215A21BF7C38007203E5 /* Resources */ = {
			isa = PBXGroup;
			children = (
				09A7212C21BF7C2B007203E5 /* AppDelegate.swift */,
				09A7213321BF7C2D007203E5 /* Assets.xcassets */,
				09A7213521BF7C2D007203E5 /* LaunchScreen.storyboard */,
				09A7213821BF7C2D007203E5 /* Info.plist */,
			);
			name = Resources;
			sourceTree = "<group>";
		};
/* End PBXGroup section */

/* Begin PBXNativeTarget section */
		09A7212821BF7C2B007203E5 /* DarkSky */ = {
			isa = PBXNativeTarget;
			buildConfigurationList = 09A7215121BF7C2D007203E5 /* Build configuration list for PBXNativeTarget "DarkSky" */;
			buildPhases = (
				09A7212521BF7C2B007203E5 /* Sources */,
				09A7212621BF7C2B007203E5 /* Frameworks */,
				09A7212721BF7C2B007203E5 /* Resources */,
			);
			buildRules = (
			);
			dependencies = (
			);
			name = DarkSky;
			productName = DarkSky;
			productReference = 09A7212921BF7C2B007203E5 /* DarkSky.app */;
			productType = "com.apple.product-type.application";
		};
		09A7213C21BF7C2D007203E5 /* DarkSkyTests */ = {
			isa = PBXNativeTarget;
			buildConfigurationList = 09A7215421BF7C2D007203E5 /* Build configuration list for PBXNativeTarget "DarkSkyTests" */;
			buildPhases = (
				09A7213921BF7C2D007203E5 /* Sources */,
				09A7213A21BF7C2D007203E5 /* Frameworks */,
				09A7213B21BF7C2D007203E5 /* Resources */,
			);
			buildRules = (
			);
			dependencies = (
				09A7213F21BF7C2D007203E5 /* PBXTargetDependency */,
			);
			name = DarkSkyTests;
			productName = DarkSkyTests;
			productReference = 09A7213D21BF7C2D007203E5 /* DarkSkyTests.xctest */;
			productType = "com.apple.product-type.bundle.unit-test";
		};
		09A7214721BF7C2D007203E5 /* DarkSkyUITests */ = {
			isa = PBXNativeTarget;
			buildConfigurationList = 09A7215721BF7C2D007203E5 /* Build configuration list for PBXNativeTarget "DarkSkyUITests" */;
			buildPhases = (
				09A7214421BF7C2D007203E5 /* Sources */,
				09A7214521BF7C2D007203E5 /* Frameworks */,
				09A7214621BF7C2D007203E5 /* Resources */,
			);
			buildRules = (
			);
			dependencies = (
				09A7214A21BF7C2D007203E5 /* PBXTargetDependency */,
			);
			name = DarkSkyUITests;
			productName = DarkSkyUITests;
			productReference = 09A7214821BF7C2D007203E5 /* DarkSkyUITests.xctest */;
			productType = "com.apple.product-type.bundle.ui-testing";
		};
/* End PBXNativeTarget section */

/* Begin PBXProject section */
		09A7212121BF7C2B007203E5 /* Project object */ = {
			isa = PBXProject;
			attributes = {
				LastSwiftUpdateCheck = 1010;
				LastUpgradeCheck = 1010;
				ORGANIZATIONNAME = Yariv;
				TargetAttributes = {
					09A7212821BF7C2B007203E5 = {
						CreatedOnToolsVersion = 10.1;
					};
					09A7213C21BF7C2D007203E5 = {
						CreatedOnToolsVersion = 10.1;
						TestTargetID = 09A7212821BF7C2B007203E5;
					};
					09A7214721BF7C2D007203E5 = {
						CreatedOnToolsVersion = 10.1;
						TestTargetID = 09A7212821BF7C2B007203E5;
					};
				};
			};
			buildConfigurationList = 09A7212421BF7C2B007203E5 /* Build configuration list for PBXProject "DarkSky" */;
			compatibilityVersion = "Xcode 9.3";
			developmentRegion = en;
			hasScannedForEncodings = 0;
			knownRegions = (
				en,
				Base,
			);
			mainGroup = 09A7212021BF7C2B007203E5;
			productRefGroup = 09A7212A21BF7C2B007203E5 /* Products */;
			projectDirPath = "";
			projectRoot = "";
			targets = (
				09A7212821BF7C2B007203E5 /* DarkSky */,
				09A7213C21BF7C2D007203E5 /* DarkSkyTests */,
				09A7214721BF7C2D007203E5 /* DarkSkyUITests */,
			);
		};
/* End PBXProject section */

/* Begin PBXResourcesBuildPhase section */
		09A7212721BF7C2B007203E5 /* Resources */ = {
			isa = PBXResourcesBuildPhase;
			buildActionMask = 2147483647;
			files = (
				09A7213721BF7C2D007203E5 /* LaunchScreen.storyboard in Resources */,
				09A7213421BF7C2D007203E5 /* Assets.xcassets in Resources */,
				09A7213221BF7C2B007203E5 /* Main.storyboard in Resources */,
			);
			runOnlyForDeploymentPostprocessing = 0;
		};
		09A7213B21BF7C2D007203E5 /* Resources */ = {
			isa = PBXResourcesBuildPhase;
			buildActionMask = 2147483647;
			files = (
			);
			runOnlyForDeploymentPostprocessing = 0;
		};
		09A7214621BF7C2D007203E5 /* Resources */ = {
			isa = PBXResourcesBuildPhase;
			buildActionMask = 2147483647;
			files = (
			);
			runOnlyForDeploymentPostprocessing = 0;
		};
/* End PBXResourcesBuildPhase section */

/* Begin PBXSourcesBuildPhase section */
		09A7212521BF7C2B007203E5 /* Sources */ = {
			isa = PBXSourcesBuildPhase;
			buildActionMask = 2147483647;
			files = (
				09A7215C21BF7FAD007203E5 /* DarkSkyService.swift in Sources */,
				09A7212F21BF7C2B007203E5 /* WeatherViewController.swift in Sources */,
				09A7215E21BF85FA007203E5 /* Result.swift in Sources */,
				09A7216021BF8A5C007203E5 /* DarkSkyForecast.swift in Sources */,
				09A7212D21BF7C2B007203E5 /* AppDelegate.swift in Sources */,
			);
			runOnlyForDeploymentPostprocessing = 0;
		};
		09A7213921BF7C2D007203E5 /* Sources */ = {
			isa = PBXSourcesBuildPhase;
			buildActionMask = 2147483647;
			files = (
				09A7214221BF7C2D007203E5 /* DarkSkyTests.swift in Sources */,
			);
			runOnlyForDeploymentPostprocessing = 0;
		};
		09A7214421BF7C2D007203E5 /* Sources */ = {
			isa = PBXSourcesBuildPhase;
			buildActionMask = 2147483647;
			files = (
				09A7214D21BF7C2D007203E5 /* DarkSkyUITests.swift in Sources */,
			);
			runOnlyForDeploymentPostprocessing = 0;
		};
/* End PBXSourcesBuildPhase section */

/* Begin PBXTargetDependency section */
		09A7213F21BF7C2D007203E5 /* PBXTargetDependency */ = {
			isa = PBXTargetDependency;
			target = 09A7212821BF7C2B007203E5 /* DarkSky */;
			targetProxy = 09A7213E21BF7C2D007203E5 /* PBXContainerItemProxy */;
		};
		09A7214A21BF7C2D007203E5 /* PBXTargetDependency */ = {
			isa = PBXTargetDependency;
			target = 09A7212821BF7C2B007203E5 /* DarkSky */;
			targetProxy = 09A7214921BF7C2D007203E5 /* PBXContainerItemProxy */;
		};
/* End PBXTargetDependency section */

/* Begin PBXVariantGroup section */
		09A7213021BF7C2B007203E5 /* Main.storyboard */ = {
			isa = PBXVariantGroup;
			children = (
				09A7213121BF7C2B007203E5 /* Base */,
			);
			name = Main.storyboard;
			sourceTree = "<group>";
		};
		09A7213521BF7C2D007203E5 /* LaunchScreen.storyboard */ = {
			isa = PBXVariantGroup;
			children = (
				09A7213621BF7C2D007203E5 /* Base */,
			);
			name = LaunchScreen.storyboard;
			sourceTree = "<group>";
		};
/* End PBXVariantGroup section */

/* Begin XCBuildConfiguration section */
		09A7214F21BF7C2D007203E5 /* Debug */ = {
			isa = XCBuildConfiguration;
			buildSettings = {
				ALWAYS_SEARCH_USER_PATHS = NO;
				CLANG_ANALYZER_NONNULL = YES;
				CLANG_ANALYZER_NUMBER_OBJECT_CONVERSION = YES_AGGRESSIVE;
				CLANG_CXX_LANGUAGE_STANDARD = "gnu++14";
				CLANG_CXX_LIBRARY = "libc++";
				CLANG_ENABLE_MODULES = YES;
				CLANG_ENABLE_OBJC_ARC = YES;
				CLANG_ENABLE_OBJC_WEAK = YES;
				CLANG_WARN_BLOCK_CAPTURE_AUTORELEASING = YES;
				CLANG_WARN_BOOL_CONVERSION = YES;
				CLANG_WARN_COMMA = YES;
				CLANG_WARN_CONSTANT_CONVERSION = YES;
				CLANG_WARN_DEPRECATED_OBJC_IMPLEMENTATIONS = YES;
				CLANG_WARN_DIRECT_OBJC_ISA_USAGE = YES_ERROR;
				CLANG_WARN_DOCUMENTATION_COMMENTS = YES;
				CLANG_WARN_EMPTY_BODY = YES;
				CLANG_WARN_ENUM_CONVERSION = YES;
				CLANG_WARN_INFINITE_RECURSION = YES;
				CLANG_WARN_INT_CONVERSION = YES;
				CLANG_WARN_NON_LITERAL_NULL_CONVERSION = YES;
				CLANG_WARN_OBJC_IMPLICIT_RETAIN_SELF = YES;
				CLANG_WARN_OBJC_LITERAL_CONVERSION = YES;
				CLANG_WARN_OBJC_ROOT_CLASS = YES_ERROR;
				CLANG_WARN_RANGE_LOOP_ANALYSIS = YES;
				CLANG_WARN_STRICT_PROTOTYPES = YES;
				CLANG_WARN_SUSPICIOUS_MOVE = YES;
				CLANG_WARN_UNGUARDED_AVAILABILITY = YES_AGGRESSIVE;
				CLANG_WARN_UNREACHABLE_CODE = YES;
				CLANG_WARN__DUPLICATE_METHOD_MATCH = YES;
				CODE_SIGN_IDENTITY = "iPhone Developer";
				COPY_PHASE_STRIP = NO;
				DEBUG_INFORMATION_FORMAT = dwarf;
				ENABLE_STRICT_OBJC_MSGSEND = YES;
				ENABLE_TESTABILITY = YES;
				GCC_C_LANGUAGE_STANDARD = gnu11;
				GCC_DYNAMIC_NO_PIC = NO;
				GCC_NO_COMMON_BLOCKS = YES;
				GCC_OPTIMIZATION_LEVEL = 0;
				GCC_PREPROCESSOR_DEFINITIONS = (
					"DEBUG=1",
					"$(inherited)",
				);
				GCC_WARN_64_TO_32_BIT_CONVERSION = YES;
				GCC_WARN_ABOUT_RETURN_TYPE = YES_ERROR;
				GCC_WARN_UNDECLARED_SELECTOR = YES;
				GCC_WARN_UNINITIALIZED_AUTOS = YES_AGGRESSIVE;
				GCC_WARN_UNUSED_FUNCTION = YES;
				GCC_WARN_UNUSED_VARIABLE = YES;
				IPHONEOS_DEPLOYMENT_TARGET = 12.1;
				MTL_ENABLE_DEBUG_INFO = INCLUDE_SOURCE;
				MTL_FAST_MATH = YES;
				ONLY_ACTIVE_ARCH = YES;
				SDKROOT = iphoneos;
				SWIFT_ACTIVE_COMPILATION_CONDITIONS = DEBUG;
				SWIFT_OPTIMIZATION_LEVEL = "-Onone";
			};
			name = Debug;
		};
		09A7215021BF7C2D007203E5 /* Release */ = {
			isa = XCBuildConfiguration;
			buildSettings = {
				ALWAYS_SEARCH_USER_PATHS = NO;
				CLANG_ANALYZER_NONNULL = YES;
				CLANG_ANALYZER_NUMBER_OBJECT_CONVERSION = YES_AGGRESSIVE;
				CLANG_CXX_LANGUAGE_STANDARD = "gnu++14";
				CLANG_CXX_LIBRARY = "libc++";
				CLANG_ENABLE_MODULES = YES;
				CLANG_ENABLE_OBJC_ARC = YES;
				CLANG_ENABLE_OBJC_WEAK = YES;
				CLANG_WARN_BLOCK_CAPTURE_AUTORELEASING = YES;
				CLANG_WARN_BOOL_CONVERSION = YES;
				CLANG_WARN_COMMA = YES;
				CLANG_WARN_CONSTANT_CONVERSION = YES;
				CLANG_WARN_DEPRECATED_OBJC_IMPLEMENTATIONS = YES;
				CLANG_WARN_DIRECT_OBJC_ISA_USAGE = YES_ERROR;
				CLANG_WARN_DOCUMENTATION_COMMENTS = YES;
				CLANG_WARN_EMPTY_BODY = YES;
				CLANG_WARN_ENUM_CONVERSION = YES;
				CLANG_WARN_INFINITE_RECURSION = YES;
				CLANG_WARN_INT_CONVERSION = YES;
				CLANG_WARN_NON_LITERAL_NULL_CONVERSION = YES;
				CLANG_WARN_OBJC_IMPLICIT_RETAIN_SELF = YES;
				CLANG_WARN_OBJC_LITERAL_CONVERSION = YES;
				CLANG_WARN_OBJC_ROOT_CLASS = YES_ERROR;
				CLANG_WARN_RANGE_LOOP_ANALYSIS = YES;
				CLANG_WARN_STRICT_PROTOTYPES = YES;
				CLANG_WARN_SUSPICIOUS_MOVE = YES;
				CLANG_WARN_UNGUARDED_AVAILABILITY = YES_AGGRESSIVE;
				CLANG_WARN_UNREACHABLE_CODE = YES;
				CLANG_WARN__DUPLICATE_METHOD_MATCH = YES;
				CODE_SIGN_IDENTITY = "iPhone Developer";
				COPY_PHASE_STRIP = NO;
				DEBUG_INFORMATION_FORMAT = "dwarf-with-dsym";
				ENABLE_NS_ASSERTIONS = NO;
				ENABLE_STRICT_OBJC_MSGSEND = YES;
				GCC_C_LANGUAGE_STANDARD = gnu11;
				GCC_NO_COMMON_BLOCKS = YES;
				GCC_WARN_64_TO_32_BIT_CONVERSION = YES;
				GCC_WARN_ABOUT_RETURN_TYPE = YES_ERROR;
				GCC_WARN_UNDECLARED_SELECTOR = YES;
				GCC_WARN_UNINITIALIZED_AUTOS = YES_AGGRESSIVE;
				GCC_WARN_UNUSED_FUNCTION = YES;
				GCC_WARN_UNUSED_VARIABLE = YES;
				IPHONEOS_DEPLOYMENT_TARGET = 12.1;
				MTL_ENABLE_DEBUG_INFO = NO;
				MTL_FAST_MATH = YES;
				SDKROOT = iphoneos;
				SWIFT_COMPILATION_MODE = wholemodule;
				SWIFT_OPTIMIZATION_LEVEL = "-O";
				VALIDATE_PRODUCT = YES;
			};
			name = Release;
		};
		09A7215221BF7C2D007203E5 /* Debug */ = {
			isa = XCBuildConfiguration;
			buildSettings = {
				ASSETCATALOG_COMPILER_APPICON_NAME = AppIcon;
				CODE_SIGN_STYLE = Automatic;
				INFOPLIST_FILE = DarkSky/Info.plist;
				LD_RUNPATH_SEARCH_PATHS = (
					"$(inherited)",
					"@executable_path/Frameworks",
				);
				PRODUCT_BUNDLE_IDENTIFIER = com.yariv.DarkSky;
				PRODUCT_NAME = "$(TARGET_NAME)";
				SWIFT_VERSION = 4.2;
				TARGETED_DEVICE_FAMILY = "1,2";
			};
			name = Debug;
		};
		09A7215321BF7C2D007203E5 /* Release */ = {
			isa = XCBuildConfiguration;
			buildSettings = {
				ASSETCATALOG_COMPILER_APPICON_NAME = AppIcon;
				CODE_SIGN_STYLE = Automatic;
				INFOPLIST_FILE = DarkSky/Info.plist;
				LD_RUNPATH_SEARCH_PATHS = (
					"$(inherited)",
					"@executable_path/Frameworks",
				);
				PRODUCT_BUNDLE_IDENTIFIER = com.yariv.DarkSky;
				PRODUCT_NAME = "$(TARGET_NAME)";
				SWIFT_VERSION = 4.2;
				TARGETED_DEVICE_FAMILY = "1,2";
			};
			name = Release;
		};
		09A7215521BF7C2D007203E5 /* Debug */ = {
			isa = XCBuildConfiguration;
			buildSettings = {
				ALWAYS_EMBED_SWIFT_STANDARD_LIBRARIES = YES;
				BUNDLE_LOADER = "$(TEST_HOST)";
				CODE_SIGN_STYLE = Automatic;
				INFOPLIST_FILE = DarkSkyTests/Info.plist;
				LD_RUNPATH_SEARCH_PATHS = (
					"$(inherited)",
					"@executable_path/Frameworks",
					"@loader_path/Frameworks",
				);
				PRODUCT_BUNDLE_IDENTIFIER = com.yariv.DarkSkyTests;
				PRODUCT_NAME = "$(TARGET_NAME)";
				SWIFT_VERSION = 4.2;
				TARGETED_DEVICE_FAMILY = "1,2";
				TEST_HOST = "$(BUILT_PRODUCTS_DIR)/DarkSky.app/DarkSky";
			};
			name = Debug;
		};
		09A7215621BF7C2D007203E5 /* Release */ = {
			isa = XCBuildConfiguration;
			buildSettings = {
				ALWAYS_EMBED_SWIFT_STANDARD_LIBRARIES = YES;
				BUNDLE_LOADER = "$(TEST_HOST)";
				CODE_SIGN_STYLE = Automatic;
				INFOPLIST_FILE = DarkSkyTests/Info.plist;
				LD_RUNPATH_SEARCH_PATHS = (
					"$(inherited)",
					"@executable_path/Frameworks",
					"@loader_path/Frameworks",
				);
				PRODUCT_BUNDLE_IDENTIFIER = com.yariv.DarkSkyTests;
				PRODUCT_NAME = "$(TARGET_NAME)";
				SWIFT_VERSION = 4.2;
				TARGETED_DEVICE_FAMILY = "1,2";
				TEST_HOST = "$(BUILT_PRODUCTS_DIR)/DarkSky.app/DarkSky";
			};
			name = Release;
		};
		09A7215821BF7C2D007203E5 /* Debug */ = {
			isa = XCBuildConfiguration;
			buildSettings = {
				ALWAYS_EMBED_SWIFT_STANDARD_LIBRARIES = YES;
				CODE_SIGN_STYLE = Automatic;
				INFOPLIST_FILE = DarkSkyUITests/Info.plist;
				LD_RUNPATH_SEARCH_PATHS = (
					"$(inherited)",
					"@executable_path/Frameworks",
					"@loader_path/Frameworks",
				);
				PRODUCT_BUNDLE_IDENTIFIER = com.yariv.DarkSkyUITests;
				PRODUCT_NAME = "$(TARGET_NAME)";
				SWIFT_VERSION = 4.2;
				TARGETED_DEVICE_FAMILY = "1,2";
				TEST_TARGET_NAME = DarkSky;
			};
			name = Debug;
		};
		09A7215921BF7C2D007203E5 /* Release */ = {
			isa = XCBuildConfiguration;
			buildSettings = {
				ALWAYS_EMBED_SWIFT_STANDARD_LIBRARIES = YES;
				CODE_SIGN_STYLE = Automatic;
				INFOPLIST_FILE = DarkSkyUITests/Info.plist;
				LD_RUNPATH_SEARCH_PATHS = (
					"$(inherited)",
					"@executable_path/Frameworks",
					"@loader_path/Frameworks",
				);
				PRODUCT_BUNDLE_IDENTIFIER = com.yariv.DarkSkyUITests;
				PRODUCT_NAME = "$(TARGET_NAME)";
				SWIFT_VERSION = 4.2;
				TARGETED_DEVICE_FAMILY = "1,2";
				TEST_TARGET_NAME = DarkSky;
			};
			name = Release;
		};
/* End XCBuildConfiguration section */

/* Begin XCConfigurationList section */
		09A7212421BF7C2B007203E5 /* Build configuration list for PBXProject "DarkSky" */ = {
			isa = XCConfigurationList;
			buildConfigurations = (
				09A7214F21BF7C2D007203E5 /* Debug */,
				09A7215021BF7C2D007203E5 /* Release */,
			);
			defaultConfigurationIsVisible = 0;
			defaultConfigurationName = Release;
		};
		09A7215121BF7C2D007203E5 /* Build configuration list for PBXNativeTarget "DarkSky" */ = {
			isa = XCConfigurationList;
			buildConfigurations = (
				09A7215221BF7C2D007203E5 /* Debug */,
				09A7215321BF7C2D007203E5 /* Release */,
			);
			defaultConfigurationIsVisible = 0;
			defaultConfigurationName = Release;
		};
		09A7215421BF7C2D007203E5 /* Build configuration list for PBXNativeTarget "DarkSkyTests" */ = {
			isa = XCConfigurationList;
			buildConfigurations = (
				09A7215521BF7C2D007203E5 /* Debug */,
				09A7215621BF7C2D007203E5 /* Release */,
			);
			defaultConfigurationIsVisible = 0;
			defaultConfigurationName = Release;
		};
		09A7215721BF7C2D007203E5 /* Build configuration list for PBXNativeTarget "DarkSkyUITests" */ = {
			isa = XCConfigurationList;
			buildConfigurations = (
				09A7215821BF7C2D007203E5 /* Debug */,
				09A7215921BF7C2D007203E5 /* Release */,
			);
			defaultConfigurationIsVisible = 0;
			defaultConfigurationName = Release;
		};
/* End XCConfigurationList section */
	};
	rootObject = 09A7212121BF7C2B007203E5 /* Project object */;
}
